// !$*UTF8*$!
{
	archiveVersion = 1;
	classes = {
	};
	objectVersion = 48;
	objects = {

/* Begin PBXBuildFile section */
		182425A220AD134500032F6D /* AppDelegate.swift in Sources */ = {isa = PBXBuildFile; fileRef = 182425A120AD134500032F6D /* AppDelegate.swift */; };
		182425A720AD134500032F6D /* Main.storyboard in Resources */ = {isa = PBXBuildFile; fileRef = 182425A520AD134500032F6D /* Main.storyboard */; };
		182425AA20AD134500032F6D /* My_Store.xcdatamodeld in Sources */ = {isa = PBXBuildFile; fileRef = 182425A820AD134500032F6D /* My_Store.xcdatamodeld */; };
		182425AC20AD134500032F6D /* Assets.xcassets in Resources */ = {isa = PBXBuildFile; fileRef = 182425AB20AD134500032F6D /* Assets.xcassets */; };
		182425AF20AD134500032F6D /* LaunchScreen.storyboard in Resources */ = {isa = PBXBuildFile; fileRef = 182425AD20AD134500032F6D /* LaunchScreen.storyboard */; };
		182425BB20AD1DF200032F6D /* UILabel+Extentions.swift in Sources */ = {isa = PBXBuildFile; fileRef = 182425BA20AD1DF200032F6D /* UILabel+Extentions.swift */; };
		182425BD20AD205B00032F6D /* HomeViewController.swift in Sources */ = {isa = PBXBuildFile; fileRef = 182425BC20AD205B00032F6D /* HomeViewController.swift */; };
		182425BF20AD220900032F6D /* NewPostTableViewCell.swift in Sources */ = {isa = PBXBuildFile; fileRef = 182425BE20AD220900032F6D /* NewPostTableViewCell.swift */; };
		182425C120AD223400032F6D /* PostView.swift in Sources */ = {isa = PBXBuildFile; fileRef = 182425C020AD223400032F6D /* PostView.swift */; };
		182425C320AD223E00032F6D /* PostView.xib in Resources */ = {isa = PBXBuildFile; fileRef = 182425C220AD223E00032F6D /* PostView.xib */; };
		182425C720AD258D00032F6D /* Product.swift in Sources */ = {isa = PBXBuildFile; fileRef = 182425C620AD258D00032F6D /* Product.swift */; };
		182425C920AD284E00032F6D /* SmallPostCollectionViewCell.swift in Sources */ = {isa = PBXBuildFile; fileRef = 182425C820AD284E00032F6D /* SmallPostCollectionViewCell.swift */; };
		18386FCF20AD403700251827 /* UIView+Extentions.swift in Sources */ = {isa = PBXBuildFile; fileRef = 18386FCE20AD403700251827 /* UIView+Extentions.swift */; };
		18386FD520AD62DF00251827 /* MainViewController.swift in Sources */ = {isa = PBXBuildFile; fileRef = 18386FD420AD62DF00251827 /* MainViewController.swift */; };
		18386FDC20AD801D00251827 /* MoreTableViewController.swift in Sources */ = {isa = PBXBuildFile; fileRef = 18386FDB20AD801D00251827 /* MoreTableViewController.swift */; };
		18386FDE20AD80FE00251827 /* AllProductViewController.swift in Sources */ = {isa = PBXBuildFile; fileRef = 18386FDD20AD80FE00251827 /* AllProductViewController.swift */; };
		18386FE020AD81B100251827 /* DetailInfoProductController.swift in Sources */ = {isa = PBXBuildFile; fileRef = 18386FDF20AD81B100251827 /* DetailInfoProductController.swift */; };
		18386FE220AD835A00251827 /* DataServices.swift in Sources */ = {isa = PBXBuildFile; fileRef = 18386FE120AD835A00251827 /* DataServices.swift */; };
		18386FE420AD913400251827 /* HeaderTableViewCell.swift in Sources */ = {isa = PBXBuildFile; fileRef = 18386FE320AD913400251827 /* HeaderTableViewCell.swift */; };
/* End PBXBuildFile section */

/* Begin PBXFileReference section */
		1824259E20AD134500032F6D /* My_Store.app */ = {isa = PBXFileReference; explicitFileType = wrapper.application; includeInIndex = 0; path = My_Store.app; sourceTree = BUILT_PRODUCTS_DIR; };
		182425A120AD134500032F6D /* AppDelegate.swift */ = {isa = PBXFileReference; lastKnownFileType = sourcecode.swift; path = AppDelegate.swift; sourceTree = "<group>"; };
		182425A620AD134500032F6D /* Base */ = {isa = PBXFileReference; lastKnownFileType = file.storyboard; name = Base; path = Base.lproj/Main.storyboard; sourceTree = "<group>"; };
		182425A920AD134500032F6D /* My_Store.xcdatamodel */ = {isa = PBXFileReference; lastKnownFileType = wrapper.xcdatamodel; path = My_Store.xcdatamodel; sourceTree = "<group>"; };
		182425AB20AD134500032F6D /* Assets.xcassets */ = {isa = PBXFileReference; lastKnownFileType = folder.assetcatalog; path = Assets.xcassets; sourceTree = "<group>"; };
		182425AE20AD134500032F6D /* Base */ = {isa = PBXFileReference; lastKnownFileType = file.storyboard; name = Base; path = Base.lproj/LaunchScreen.storyboard; sourceTree = "<group>"; };
		182425B020AD134500032F6D /* Info.plist */ = {isa = PBXFileReference; lastKnownFileType = text.plist.xml; path = Info.plist; sourceTree = "<group>"; };
		182425BA20AD1DF200032F6D /* UILabel+Extentions.swift */ = {isa = PBXFileReference; lastKnownFileType = sourcecode.swift; path = "UILabel+Extentions.swift"; sourceTree = "<group>"; };
		182425BC20AD205B00032F6D /* HomeViewController.swift */ = {isa = PBXFileReference; lastKnownFileType = sourcecode.swift; path = HomeViewController.swift; sourceTree = "<group>"; };
		182425BE20AD220900032F6D /* NewPostTableViewCell.swift */ = {isa = PBXFileReference; lastKnownFileType = sourcecode.swift; path = NewPostTableViewCell.swift; sourceTree = "<group>"; };
		182425C020AD223400032F6D /* PostView.swift */ = {isa = PBXFileReference; lastKnownFileType = sourcecode.swift; path = PostView.swift; sourceTree = "<group>"; };
		182425C220AD223E00032F6D /* PostView.xib */ = {isa = PBXFileReference; lastKnownFileType = file.xib; path = PostView.xib; sourceTree = "<group>"; };
		182425C620AD258D00032F6D /* Product.swift */ = {isa = PBXFileReference; lastKnownFileType = sourcecode.swift; path = Product.swift; sourceTree = "<group>"; };
		182425C820AD284E00032F6D /* SmallPostCollectionViewCell.swift */ = {isa = PBXFileReference; lastKnownFileType = sourcecode.swift; path = SmallPostCollectionViewCell.swift; sourceTree = "<group>"; };
		18386FCE20AD403700251827 /* UIView+Extentions.swift */ = {isa = PBXFileReference; lastKnownFileType = sourcecode.swift; path = "UIView+Extentions.swift"; sourceTree = "<group>"; };
		18386FD420AD62DF00251827 /* MainViewController.swift */ = {isa = PBXFileReference; lastKnownFileType = sourcecode.swift; path = MainViewController.swift; sourceTree = "<group>"; };
		18386FDB20AD801D00251827 /* MoreTableViewController.swift */ = {isa = PBXFileReference; lastKnownFileType = sourcecode.swift; path = MoreTableViewController.swift; sourceTree = "<group>"; };
		18386FDD20AD80FE00251827 /* AllProductViewController.swift */ = {isa = PBXFileReference; lastKnownFileType = sourcecode.swift; path = AllProductViewController.swift; sourceTree = "<group>"; };
		18386FDF20AD81B100251827 /* DetailInfoProductController.swift */ = {isa = PBXFileReference; lastKnownFileType = sourcecode.swift; path = DetailInfoProductController.swift; sourceTree = "<group>"; };
		18386FE120AD835A00251827 /* DataServices.swift */ = {isa = PBXFileReference; lastKnownFileType = sourcecode.swift; path = DataServices.swift; sourceTree = "<group>"; };
		18386FE320AD913400251827 /* HeaderTableViewCell.swift */ = {isa = PBXFileReference; lastKnownFileType = sourcecode.swift; path = HeaderTableViewCell.swift; sourceTree = "<group>"; };
/* End PBXFileReference section */

/* Begin PBXFrameworksBuildPhase section */
		1824259B20AD134500032F6D /* Frameworks */ = {
			isa = PBXFrameworksBuildPhase;
			buildActionMask = 2147483647;
			files = (
			);
			runOnlyForDeploymentPostprocessing = 0;
		};
/* End PBXFrameworksBuildPhase section */

/* Begin PBXGroup section */
		1824259520AD134500032F6D = {
			isa = PBXGroup;
			children = (
				182425A020AD134500032F6D /* My_Store */,
				1824259F20AD134500032F6D /* Products */,
			);
			sourceTree = "<group>";
		};
		1824259F20AD134500032F6D /* Products */ = {
			isa = PBXGroup;
			children = (
				1824259E20AD134500032F6D /* My_Store.app */,
			);
			name = Products;
			sourceTree = "<group>";
		};
		182425A020AD134500032F6D /* My_Store */ = {
			isa = PBXGroup;
			children = (
				18386FDA20AD7F7500251827 /* Utilities */,
				18386FD920AD7F5600251827 /* View */,
				18386FD620AD720F00251827 /* Model */,
				18386FD320AD621F00251827 /* Controller */,
				182425A120AD134500032F6D /* AppDelegate.swift */,
				182425A520AD134500032F6D /* Main.storyboard */,
				182425AB20AD134500032F6D /* Assets.xcassets */,
				182425AD20AD134500032F6D /* LaunchScreen.storyboard */,
				182425B020AD134500032F6D /* Info.plist */,
				182425A820AD134500032F6D /* My_Store.xcdatamodeld */,
			);
			path = My_Store;
			sourceTree = "<group>";
		};
		18386FD320AD621F00251827 /* Controller */ = {
			isa = PBXGroup;
			children = (
				18386FD420AD62DF00251827 /* MainViewController.swift */,
				182425BC20AD205B00032F6D /* HomeViewController.swift */,
				18386FDB20AD801D00251827 /* MoreTableViewController.swift */,
				18386FDD20AD80FE00251827 /* AllProductViewController.swift */,
				18386FDF20AD81B100251827 /* DetailInfoProductController.swift */,
			);
			path = Controller;
			sourceTree = "<group>";
		};
		18386FD620AD720F00251827 /* Model */ = {
			isa = PBXGroup;
			children = (
				18386FE120AD835A00251827 /* DataServices.swift */,
				182425C620AD258D00032F6D /* Product.swift */,
			);
			path = Model;
			sourceTree = "<group>";
		};
		18386FD920AD7F5600251827 /* View */ = {
			isa = PBXGroup;
			children = (
				182425C820AD284E00032F6D /* SmallPostCollectionViewCell.swift */,
				182425BE20AD220900032F6D /* NewPostTableViewCell.swift */,
				18386FE320AD913400251827 /* HeaderTableViewCell.swift */,
				182425C020AD223400032F6D /* PostView.swift */,
				182425C220AD223E00032F6D /* PostView.xib */,
			);
			path = View;
			sourceTree = "<group>";
		};
		18386FDA20AD7F7500251827 /* Utilities */ = {
			isa = PBXGroup;
			children = (
				182425BA20AD1DF200032F6D /* UILabel+Extentions.swift */,
				18386FCE20AD403700251827 /* UIView+Extentions.swift */,
			);
			path = Utilities;
			sourceTree = "<group>";
		};
/* End PBXGroup section */

/* Begin PBXNativeTarget section */
		1824259D20AD134500032F6D /* My_Store */ = {
			isa = PBXNativeTarget;
			buildConfigurationList = 182425B320AD134500032F6D /* Build configuration list for PBXNativeTarget "My_Store" */;
			buildPhases = (
				1824259A20AD134500032F6D /* Sources */,
				1824259B20AD134500032F6D /* Frameworks */,
				1824259C20AD134500032F6D /* Resources */,
			);
			buildRules = (
			);
			dependencies = (
			);
			name = My_Store;
			productName = My_Store;
			productReference = 1824259E20AD134500032F6D /* My_Store.app */;
			productType = "com.apple.product-type.application";
		};
/* End PBXNativeTarget section */

/* Begin PBXProject section */
		1824259620AD134500032F6D /* Project object */ = {
			isa = PBXProject;
			attributes = {
				LastSwiftUpdateCheck = 0920;
				LastUpgradeCheck = 0920;
				ORGANIZATIONNAME = Apple;
				TargetAttributes = {
					1824259D20AD134500032F6D = {
						CreatedOnToolsVersion = 9.2;
						ProvisioningStyle = Automatic;
					};
				};
			};
			buildConfigurationList = 1824259920AD134500032F6D /* Build configuration list for PBXProject "My_Store" */;
			compatibilityVersion = "Xcode 8.0";
			developmentRegion = en;
			hasScannedForEncodings = 0;
			knownRegions = (
				en,
				Base,
			);
			mainGroup = 1824259520AD134500032F6D;
			productRefGroup = 1824259F20AD134500032F6D /* Products */;
			projectDirPath = "";
			projectRoot = "";
			targets = (
				1824259D20AD134500032F6D /* My_Store */,
			);
		};
/* End PBXProject section */

/* Begin PBXResourcesBuildPhase section */
		1824259C20AD134500032F6D /* Resources */ = {
			isa = PBXResourcesBuildPhase;
			buildActionMask = 2147483647;
			files = (
				182425AF20AD134500032F6D /* LaunchScreen.storyboard in Resources */,
				182425AC20AD134500032F6D /* Assets.xcassets in Resources */,
				182425C320AD223E00032F6D /* PostView.xib in Resources */,
				182425A720AD134500032F6D /* Main.storyboard in Resources */,
			);
			runOnlyForDeploymentPostprocessing = 0;
		};
/* End PBXResourcesBuildPhase section */

/* Begin PBXSourcesBuildPhase section */
		1824259A20AD134500032F6D /* Sources */ = {
			isa = PBXSourcesBuildPhase;
			buildActionMask = 2147483647;
			files = (
				18386FE220AD835A00251827 /* DataServices.swift in Sources */,
				18386FE420AD913400251827 /* HeaderTableViewCell.swift in Sources */,
				182425C120AD223400032F6D /* PostView.swift in Sources */,
				182425BF20AD220900032F6D /* NewPostTableViewCell.swift in Sources */,
				182425A220AD134500032F6D /* AppDelegate.swift in Sources */,
				182425C720AD258D00032F6D /* Product.swift in Sources */,
				182425AA20AD134500032F6D /* My_Store.xcdatamodeld in Sources */,
				182425BB20AD1DF200032F6D /* UILabel+Extentions.swift in Sources */,
				18386FCF20AD403700251827 /* UIView+Extentions.swift in Sources */,
				18386FE020AD81B100251827 /* DetailInfoProductController.swift in Sources */,
				182425C920AD284E00032F6D /* SmallPostCollectionViewCell.swift in Sources */,
				182425BD20AD205B00032F6D /* HomeViewController.swift in Sources */,
				18386FDC20AD801D00251827 /* MoreTableViewController.swift in Sources */,
				18386FD520AD62DF00251827 /* MainViewController.swift in Sources */,
				18386FDE20AD80FE00251827 /* AllProductViewController.swift in Sources */,
			);
			runOnlyForDeploymentPostprocessing = 0;
		};
/* End PBXSourcesBuildPhase section */

/* Begin PBXVariantGroup section */
		182425A520AD134500032F6D /* Main.storyboard */ = {
			isa = PBXVariantGroup;
			children = (
				182425A620AD134500032F6D /* Base */,
			);
			name = Main.storyboard;
			sourceTree = "<group>";
		};
		182425AD20AD134500032F6D /* LaunchScreen.storyboard */ = {
			isa = PBXVariantGroup;
			children = (
				182425AE20AD134500032F6D /* Base */,
			);
			name = LaunchScreen.storyboard;
			sourceTree = "<group>";
		};
/* End PBXVariantGroup section */

/* Begin XCBuildConfiguration section */
		182425B120AD134500032F6D /* Debug */ = {
			isa = XCBuildConfiguration;
			buildSettings = {
				ALWAYS_SEARCH_USER_PATHS = NO;
				CLANG_ANALYZER_NONNULL = YES;
				CLANG_ANALYZER_NUMBER_OBJECT_CONVERSION = YES_AGGRESSIVE;
				CLANG_CXX_LANGUAGE_STANDARD = "gnu++14";
				CLANG_CXX_LIBRARY = "libc++";
				CLANG_ENABLE_MODULES = YES;
				CLANG_ENABLE_OBJC_ARC = YES;
				CLANG_WARN_BLOCK_CAPTURE_AUTORELEASING = YES;
				CLANG_WARN_BOOL_CONVERSION = YES;
				CLANG_WARN_COMMA = YES;
				CLANG_WARN_CONSTANT_CONVERSION = YES;
				CLANG_WARN_DIRECT_OBJC_ISA_USAGE = YES_ERROR;
				CLANG_WARN_DOCUMENTATION_COMMENTS = YES;
				CLANG_WARN_EMPTY_BODY = YES;
				CLANG_WARN_ENUM_CONVERSION = YES;
				CLANG_WARN_INFINITE_RECURSION = YES;
				CLANG_WARN_INT_CONVERSION = YES;
				CLANG_WARN_NON_LITERAL_NULL_CONVERSION = YES;
				CLANG_WARN_OBJC_LITERAL_CONVERSION = YES;
				CLANG_WARN_OBJC_ROOT_CLASS = YES_ERROR;
				CLANG_WARN_RANGE_LOOP_ANALYSIS = YES;
				CLANG_WARN_STRICT_PROTOTYPES = YES;
				CLANG_WARN_SUSPICIOUS_MOVE = YES;
				CLANG_WARN_UNGUARDED_AVAILABILITY = YES_AGGRESSIVE;
				CLANG_WARN_UNREACHABLE_CODE = YES;
				CLANG_WARN__DUPLICATE_METHOD_MATCH = YES;
				CODE_SIGN_IDENTITY = "iPhone Developer";
				COPY_PHASE_STRIP = NO;
				DEBUG_INFORMATION_FORMAT = dwarf;
				ENABLE_STRICT_OBJC_MSGSEND = YES;
				ENABLE_TESTABILITY = YES;
				GCC_C_LANGUAGE_STANDARD = gnu11;
				GCC_DYNAMIC_NO_PIC = NO;
				GCC_NO_COMMON_BLOCKS = YES;
				GCC_OPTIMIZATION_LEVEL = 0;
				GCC_PREPROCESSOR_DEFINITIONS = (
					"DEBUG=1",
					"$(inherited)",
				);
				GCC_WARN_64_TO_32_BIT_CONVERSION = YES;
				GCC_WARN_ABOUT_RETURN_TYPE = YES_ERROR;
				GCC_WARN_UNDECLARED_SELECTOR = YES;
				GCC_WARN_UNINITIALIZED_AUTOS = YES_AGGRESSIVE;
				GCC_WARN_UNUSED_FUNCTION = YES;
				GCC_WARN_UNUSED_VARIABLE = YES;
				IPHONEOS_DEPLOYMENT_TARGET = 11.2;
				MTL_ENABLE_DEBUG_INFO = YES;
				ONLY_ACTIVE_ARCH = YES;
				SDKROOT = iphoneos;
				SWIFT_ACTIVE_COMPILATION_CONDITIONS = DEBUG;
				SWIFT_OPTIMIZATION_LEVEL = "-Onone";
			};
			name = Debug;
		};
		182425B220AD134500032F6D /* Release */ = {
			isa = XCBuildConfiguration;
			buildSettings = {
				ALWAYS_SEARCH_USER_PATHS = NO;
				CLANG_ANALYZER_NONNULL = YES;
				CLANG_ANALYZER_NUMBER_OBJECT_CONVERSION = YES_AGGRESSIVE;
				CLANG_CXX_LANGUAGE_STANDARD = "gnu++14";
				CLANG_CXX_LIBRARY = "libc++";
				CLANG_ENABLE_MODULES = YES;
				CLANG_ENABLE_OBJC_ARC = YES;
				CLANG_WARN_BLOCK_CAPTURE_AUTORELEASING = YES;
				CLANG_WARN_BOOL_CONVERSION = YES;
				CLANG_WARN_COMMA = YES;
				CLANG_WARN_CONSTANT_CONVERSION = YES;
				CLANG_WARN_DIRECT_OBJC_ISA_USAGE = YES_ERROR;
				CLANG_WARN_DOCUMENTATION_COMMENTS = YES;
				CLANG_WARN_EMPTY_BODY = YES;
				CLANG_WARN_ENUM_CONVERSION = YES;
				CLANG_WARN_INFINITE_RECURSION = YES;
				CLANG_WARN_INT_CONVERSION = YES;
				CLANG_WARN_NON_LITERAL_NULL_CONVERSION = YES;
				CLANG_WARN_OBJC_LITERAL_CONVERSION = YES;
				CLANG_WARN_OBJC_ROOT_CLASS = YES_ERROR;
				CLANG_WARN_RANGE_LOOP_ANALYSIS = YES;
				CLANG_WARN_STRICT_PROTOTYPES = YES;
				CLANG_WARN_SUSPICIOUS_MOVE = YES;
				CLANG_WARN_UNGUARDED_AVAILABILITY = YES_AGGRESSIVE;
				CLANG_WARN_UNREACHABLE_CODE = YES;
				CLANG_WARN__DUPLICATE_METHOD_MATCH = YES;
				CODE_SIGN_IDENTITY = "iPhone Developer";
				COPY_PHASE_STRIP = NO;
				DEBUG_INFORMATION_FORMAT = "dwarf-with-dsym";
				ENABLE_NS_ASSERTIONS = NO;
				ENABLE_STRICT_OBJC_MSGSEND = YES;
				GCC_C_LANGUAGE_STANDARD = gnu11;
				GCC_NO_COMMON_BLOCKS = YES;
				GCC_WARN_64_TO_32_BIT_CONVERSION = YES;
				GCC_WARN_ABOUT_RETURN_TYPE = YES_ERROR;
				GCC_WARN_UNDECLARED_SELECTOR = YES;
				GCC_WARN_UNINITIALIZED_AUTOS = YES_AGGRESSIVE;
				GCC_WARN_UNUSED_FUNCTION = YES;
				GCC_WARN_UNUSED_VARIABLE = YES;
				IPHONEOS_DEPLOYMENT_TARGET = 11.2;
				MTL_ENABLE_DEBUG_INFO = NO;
				SDKROOT = iphoneos;
				SWIFT_OPTIMIZATION_LEVEL = "-Owholemodule";
				VALIDATE_PRODUCT = YES;
			};
			name = Release;
		};
		182425B420AD134500032F6D /* Debug */ = {
			isa = XCBuildConfiguration;
			buildSettings = {
				ASSETCATALOG_COMPILER_APPICON_NAME = AppIcon;
				CODE_SIGN_STYLE = Automatic;
				DEVELOPMENT_TEAM = 677FZ5Q37X;
				INFOPLIST_FILE = My_Store/Info.plist;
				LD_RUNPATH_SEARCH_PATHS = "$(inherited) @executable_path/Frameworks";
				PRODUCT_BUNDLE_IDENTIFIER = "duongpham.My-Store";
				PRODUCT_NAME = "$(TARGET_NAME)";
				SWIFT_VERSION = 4.0;
				TARGETED_DEVICE_FAMILY = "1,2";
			};
			name = Debug;
		};
		182425B520AD134500032F6D /* Release */ = {
			isa = XCBuildConfiguration;
			buildSettings = {
				ASSETCATALOG_COMPILER_APPICON_NAME = AppIcon;
				CODE_SIGN_STYLE = Automatic;
				DEVELOPMENT_TEAM = 677FZ5Q37X;
				INFOPLIST_FILE = My_Store/Info.plist;
				LD_RUNPATH_SEARCH_PATHS = "$(inherited) @executable_path/Frameworks";
				PRODUCT_BUNDLE_IDENTIFIER = "duongpham.My-Store";
				PRODUCT_NAME = "$(TARGET_NAME)";
				SWIFT_VERSION = 4.0;
				TARGETED_DEVICE_FAMILY = "1,2";
			};
			name = Release;
		};
/* End XCBuildConfiguration section */

/* Begin XCConfigurationList section */
		1824259920AD134500032F6D /* Build configuration list for PBXProject "My_Store" */ = {
			isa = XCConfigurationList;
			buildConfigurations = (
				182425B120AD134500032F6D /* Debug */,
				182425B220AD134500032F6D /* Release */,
			);
			defaultConfigurationIsVisible = 0;
			defaultConfigurationName = Release;
		};
		182425B320AD134500032F6D /* Build configuration list for PBXNativeTarget "My_Store" */ = {
			isa = XCConfigurationList;
			buildConfigurations = (
				182425B420AD134500032F6D /* Debug */,
				182425B520AD134500032F6D /* Release */,
			);
			defaultConfigurationIsVisible = 0;
			defaultConfigurationName = Release;
		};
/* End XCConfigurationList section */

/* Begin XCVersionGroup section */
		182425A820AD134500032F6D /* My_Store.xcdatamodeld */ = {
			isa = XCVersionGroup;
			children = (
				182425A920AD134500032F6D /* My_Store.xcdatamodel */,
			);
			currentVersion = 182425A920AD134500032F6D /* My_Store.xcdatamodel */;
			path = My_Store.xcdatamodeld;
			sourceTree = "<group>";
			versionGroupType = wrapper.xcdatamodel;
		};
/* End XCVersionGroup section */
	};
	rootObject = 1824259620AD134500032F6D /* Project object */;
}
